// !$*UTF8*$!
{
	archiveVersion = 1;
	classes = {
	};
	objectVersion = 50;
	objects = {

/* Begin PBXBuildFile section */
		1401D7B123D5408500FF8446 /* HomeController.m in Sources */ = {isa = PBXBuildFile; fileRef = 1401D7B023D5408500FF8446 /* HomeController.m */; };
		1401D7B423D541B000FF8446 /* CategoryController.m in Sources */ = {isa = PBXBuildFile; fileRef = 1401D7B323D541B000FF8446 /* CategoryController.m */; };
		1401D7B723D5424800FF8446 /* MeController.m in Sources */ = {isa = PBXBuildFile; fileRef = 1401D7B623D5424800FF8446 /* MeController.m */; };
		1401D7BC23D545D800FF8446 /* BaseController.m in Sources */ = {isa = PBXBuildFile; fileRef = 1401D7BB23D545D800FF8446 /* BaseController.m */; };
		141BC10223BD9C1B00823BA4 /* AppDelegate.m in Sources */ = {isa = PBXBuildFile; fileRef = 141BC10123BD9C1B00823BA4 /* AppDelegate.m */; };
		141BC10823BD9C1B00823BA4 /* ViewController.m in Sources */ = {isa = PBXBuildFile; fileRef = 141BC10723BD9C1B00823BA4 /* ViewController.m */; };
		141BC10B23BD9C1B00823BA4 /* Main.storyboard in Resources */ = {isa = PBXBuildFile; fileRef = 141BC10923BD9C1B00823BA4 /* Main.storyboard */; };
		141BC10D23BD9C1C00823BA4 /* Assets.xcassets in Resources */ = {isa = PBXBuildFile; fileRef = 141BC10C23BD9C1C00823BA4 /* Assets.xcassets */; };
		141BC11023BD9C1C00823BA4 /* LaunchScreen.storyboard in Resources */ = {isa = PBXBuildFile; fileRef = 141BC10E23BD9C1C00823BA4 /* LaunchScreen.storyboard */; };
		141BC11323BD9C1C00823BA4 /* main.m in Sources */ = {isa = PBXBuildFile; fileRef = 141BC11223BD9C1C00823BA4 /* main.m */; };
/* End PBXBuildFile section */

/* Begin PBXFileReference section */
		1401D7AF23D5408500FF8446 /* HomeController.h */ = {isa = PBXFileReference; lastKnownFileType = sourcecode.c.h; path = HomeController.h; sourceTree = "<group>"; };
		1401D7B023D5408500FF8446 /* HomeController.m */ = {isa = PBXFileReference; lastKnownFileType = sourcecode.c.objc; path = HomeController.m; sourceTree = "<group>"; };
		1401D7B223D541B000FF8446 /* CategoryController.h */ = {isa = PBXFileReference; lastKnownFileType = sourcecode.c.h; path = CategoryController.h; sourceTree = "<group>"; };
		1401D7B323D541B000FF8446 /* CategoryController.m */ = {isa = PBXFileReference; lastKnownFileType = sourcecode.c.objc; path = CategoryController.m; sourceTree = "<group>"; };
		1401D7B523D5424800FF8446 /* MeController.h */ = {isa = PBXFileReference; lastKnownFileType = sourcecode.c.h; path = MeController.h; sourceTree = "<group>"; };
		1401D7B623D5424800FF8446 /* MeController.m */ = {isa = PBXFileReference; lastKnownFileType = sourcecode.c.objc; path = MeController.m; sourceTree = "<group>"; };
		1401D7BA23D545D800FF8446 /* BaseController.h */ = {isa = PBXFileReference; lastKnownFileType = sourcecode.c.h; path = BaseController.h; sourceTree = "<group>"; };
		1401D7BB23D545D800FF8446 /* BaseController.m */ = {isa = PBXFileReference; lastKnownFileType = sourcecode.c.objc; path = BaseController.m; sourceTree = "<group>"; };
		141BC0FD23BD9C1B00823BA4 /* DemoProject.app */ = {isa = PBXFileReference; explicitFileType = wrapper.application; includeInIndex = 0; path = DemoProject.app; sourceTree = BUILT_PRODUCTS_DIR; };
		141BC10023BD9C1B00823BA4 /* AppDelegate.h */ = {isa = PBXFileReference; lastKnownFileType = sourcecode.c.h; path = AppDelegate.h; sourceTree = "<group>"; };
		141BC10123BD9C1B00823BA4 /* AppDelegate.m */ = {isa = PBXFileReference; lastKnownFileType = sourcecode.c.objc; path = AppDelegate.m; sourceTree = "<group>"; };
		141BC10623BD9C1B00823BA4 /* ViewController.h */ = {isa = PBXFileReference; lastKnownFileType = sourcecode.c.h; path = ViewController.h; sourceTree = "<group>"; };
		141BC10723BD9C1B00823BA4 /* ViewController.m */ = {isa = PBXFileReference; lastKnownFileType = sourcecode.c.objc; path = ViewController.m; sourceTree = "<group>"; };
		141BC10A23BD9C1B00823BA4 /* Base */ = {isa = PBXFileReference; lastKnownFileType = file.storyboard; name = Base; path = Base.lproj/Main.storyboard; sourceTree = "<group>"; };
		141BC10C23BD9C1C00823BA4 /* Assets.xcassets */ = {isa = PBXFileReference; lastKnownFileType = folder.assetcatalog; path = Assets.xcassets; sourceTree = "<group>"; };
		141BC10F23BD9C1C00823BA4 /* Base */ = {isa = PBXFileReference; lastKnownFileType = file.storyboard; name = Base; path = Base.lproj/LaunchScreen.storyboard; sourceTree = "<group>"; };
		141BC11123BD9C1C00823BA4 /* Info.plist */ = {isa = PBXFileReference; lastKnownFileType = text.plist.xml; path = Info.plist; sourceTree = "<group>"; };
		141BC11223BD9C1C00823BA4 /* main.m */ = {isa = PBXFileReference; lastKnownFileType = sourcecode.c.objc; path = main.m; sourceTree = "<group>"; };
/* End PBXFileReference section */

/* Begin PBXFrameworksBuildPhase section */
		141BC0FA23BD9C1B00823BA4 /* Frameworks */ = {
			isa = PBXFrameworksBuildPhase;
			buildActionMask = 2147483647;
			files = (
			);
			runOnlyForDeploymentPostprocessing = 0;
		};
/* End PBXFrameworksBuildPhase section */

/* Begin PBXGroup section */
		1401D7AE23D5403100FF8446 /* Classs */ = {
			isa = PBXGroup;
			children = (
				1401D7AF23D5408500FF8446 /* HomeController.h */,
				1401D7B023D5408500FF8446 /* HomeController.m */,
				1401D7B223D541B000FF8446 /* CategoryController.h */,
				1401D7B323D541B000FF8446 /* CategoryController.m */,
				1401D7B523D5424800FF8446 /* MeController.h */,
				1401D7B623D5424800FF8446 /* MeController.m */,
			);
			path = Classs;
			sourceTree = "<group>";
		};
		1401D7B923D545C200FF8446 /* Base */ = {
			isa = PBXGroup;
			children = (
				1401D7BA23D545D800FF8446 /* BaseController.h */,
				1401D7BB23D545D800FF8446 /* BaseController.m */,
			);
			path = Base;
			sourceTree = "<group>";
		};
		141BC0F423BD9C1B00823BA4 = {
			isa = PBXGroup;
			children = (
				141BC0FF23BD9C1B00823BA4 /* DemoProject */,
				141BC0FE23BD9C1B00823BA4 /* Products */,
			);
			sourceTree = "<group>";
		};
		141BC0FE23BD9C1B00823BA4 /* Products */ = {
			isa = PBXGroup;
			children = (
				141BC0FD23BD9C1B00823BA4 /* DemoProject.app */,
			);
			name = Products;
			sourceTree = "<group>";
		};
		141BC0FF23BD9C1B00823BA4 /* DemoProject */ = {
			isa = PBXGroup;
			children = (
				1401D7B923D545C200FF8446 /* Base */,
				1401D7AE23D5403100FF8446 /* Classs */,
				141BC10023BD9C1B00823BA4 /* AppDelegate.h */,
				141BC10123BD9C1B00823BA4 /* AppDelegate.m */,
				141BC10623BD9C1B00823BA4 /* ViewController.h */,
				141BC10723BD9C1B00823BA4 /* ViewController.m */,
				141BC10923BD9C1B00823BA4 /* Main.storyboard */,
				141BC10C23BD9C1C00823BA4 /* Assets.xcassets */,
				141BC10E23BD9C1C00823BA4 /* LaunchScreen.storyboard */,
				141BC11123BD9C1C00823BA4 /* Info.plist */,
				141BC11223BD9C1C00823BA4 /* main.m */,
			);
			path = DemoProject;
			sourceTree = "<group>";
		};
/* End PBXGroup section */

/* Begin PBXNativeTarget section */
		141BC0FC23BD9C1B00823BA4 /* DemoProject */ = {
			isa = PBXNativeTarget;
			buildConfigurationList = 141BC11623BD9C1C00823BA4 /* Build configuration list for PBXNativeTarget "DemoProject" */;
			buildPhases = (
				141BC0F923BD9C1B00823BA4 /* Sources */,
				141BC0FA23BD9C1B00823BA4 /* Frameworks */,
				141BC0FB23BD9C1B00823BA4 /* Resources */,
			);
			buildRules = (
			);
			dependencies = (
			);
			name = DemoProject;
			productName = DemoProject;
			productReference = 141BC0FD23BD9C1B00823BA4 /* DemoProject.app */;
			productType = "com.apple.product-type.application";
		};
/* End PBXNativeTarget section */

/* Begin PBXProject section */
		141BC0F523BD9C1B00823BA4 /* Project object */ = {
			isa = PBXProject;
			attributes = {
				LastUpgradeCheck = 1120;
				ORGANIZATIONNAME = champ;
				TargetAttributes = {
					141BC0FC23BD9C1B00823BA4 = {
						CreatedOnToolsVersion = 11.2.1;
					};
				};
			};
			buildConfigurationList = 141BC0F823BD9C1B00823BA4 /* Build configuration list for PBXProject "DemoProject" */;
			compatibilityVersion = "Xcode 9.3";
			developmentRegion = en;
			hasScannedForEncodings = 0;
			knownRegions = (
				en,
				Base,
			);
			mainGroup = 141BC0F423BD9C1B00823BA4;
			productRefGroup = 141BC0FE23BD9C1B00823BA4 /* Products */;
			projectDirPath = "";
			projectRoot = "";
			targets = (
				141BC0FC23BD9C1B00823BA4 /* DemoProject */,
			);
		};
/* End PBXProject section */

/* Begin PBXResourcesBuildPhase section */
		141BC0FB23BD9C1B00823BA4 /* Resources */ = {
			isa = PBXResourcesBuildPhase;
			buildActionMask = 2147483647;
			files = (
				141BC11023BD9C1C00823BA4 /* LaunchScreen.storyboard in Resources */,
				141BC10D23BD9C1C00823BA4 /* Assets.xcassets in Resources */,
				141BC10B23BD9C1B00823BA4 /* Main.storyboard in Resources */,
			);
			runOnlyForDeploymentPostprocessing = 0;
		};
/* End PBXResourcesBuildPhase section */

/* Begin PBXSourcesBuildPhase section */
		141BC0F923BD9C1B00823BA4 /* Sources */ = {
			isa = PBXSourcesBuildPhase;
			buildActionMask = 2147483647;
			files = (
				1401D7B123D5408500FF8446 /* HomeController.m in Sources */,
				1401D7BC23D545D800FF8446 /* BaseController.m in Sources */,
				1401D7B723D5424800FF8446 /* MeController.m in Sources */,
				1401D7B423D541B000FF8446 /* CategoryController.m in Sources */,
				141BC10823BD9C1B00823BA4 /* ViewController.m in Sources */,
				141BC10223BD9C1B00823BA4 /* AppDelegate.m in Sources */,
				141BC11323BD9C1C00823BA4 /* main.m in Sources */,
			);
			runOnlyForDeploymentPostprocessing = 0;
		};
/* End PBXSourcesBuildPhase section */

/* Begin PBXVariantGroup section */
		141BC10923BD9C1B00823BA4 /* Main.storyboard */ = {
			isa = PBXVariantGroup;
			children = (
				141BC10A23BD9C1B00823BA4 /* Base */,
			);
			name = Main.storyboard;
			sourceTree = "<group>";
		};
		141BC10E23BD9C1C00823BA4 /* LaunchScreen.storyboard */ = {
			isa = PBXVariantGroup;
			children = (
				141BC10F23BD9C1C00823BA4 /* Base */,
			);
			name = LaunchScreen.storyboard;
			sourceTree = "<group>";
		};
/* End PBXVariantGroup section */

/* Begin XCBuildConfiguration section */
		141BC11423BD9C1C00823BA4 /* Debug */ = {
			isa = XCBuildConfiguration;
			buildSettings = {
				ALWAYS_SEARCH_USER_PATHS = NO;
				CLANG_ANALYZER_NONNULL = YES;
				CLANG_ANALYZER_NUMBER_OBJECT_CONVERSION = YES_AGGRESSIVE;
				CLANG_CXX_LANGUAGE_STANDARD = "gnu++14";
				CLANG_CXX_LIBRARY = "libc++";
				CLANG_ENABLE_MODULES = YES;
				CLANG_ENABLE_OBJC_ARC = YES;
				CLANG_ENABLE_OBJC_WEAK = YES;
				CLANG_WARN_BLOCK_CAPTURE_AUTORELEASING = YES;
				CLANG_WARN_BOOL_CONVERSION = YES;
				CLANG_WARN_COMMA = YES;
				CLANG_WARN_CONSTANT_CONVERSION = YES;
				CLANG_WARN_DEPRECATED_OBJC_IMPLEMENTATIONS = YES;
				CLANG_WARN_DIRECT_OBJC_ISA_USAGE = YES_ERROR;
				CLANG_WARN_DOCUMENTATION_COMMENTS = YES;
				CLANG_WARN_EMPTY_BODY = YES;
				CLANG_WARN_ENUM_CONVERSION = YES;
				CLANG_WARN_INFINITE_RECURSION = YES;
				CLANG_WARN_INT_CONVERSION = YES;
				CLANG_WARN_NON_LITERAL_NULL_CONVERSION = YES;
				CLANG_WARN_OBJC_IMPLICIT_RETAIN_SELF = YES;
				CLANG_WARN_OBJC_LITERAL_CONVERSION = YES;
				CLANG_WARN_OBJC_ROOT_CLASS = YES_ERROR;
				CLANG_WARN_RANGE_LOOP_ANALYSIS = YES;
				CLANG_WARN_STRICT_PROTOTYPES = YES;
				CLANG_WARN_SUSPICIOUS_MOVE = YES;
				CLANG_WARN_UNGUARDED_AVAILABILITY = YES_AGGRESSIVE;
				CLANG_WARN_UNREACHABLE_CODE = YES;
				CLANG_WARN__DUPLICATE_METHOD_MATCH = YES;
				COPY_PHASE_STRIP = NO;
				DEBUG_INFORMATION_FORMAT = dwarf;
				ENABLE_STRICT_OBJC_MSGSEND = YES;
				ENABLE_TESTABILITY = YES;
				GCC_C_LANGUAGE_STANDARD = gnu11;
				GCC_DYNAMIC_NO_PIC = NO;
				GCC_NO_COMMON_BLOCKS = YES;
				GCC_OPTIMIZATION_LEVEL = 0;
				GCC_PREPROCESSOR_DEFINITIONS = (
					"DEBUG=1",
					"$(inherited)",
				);
				GCC_WARN_64_TO_32_BIT_CONVERSION = YES;
				GCC_WARN_ABOUT_RETURN_TYPE = YES_ERROR;
				GCC_WARN_UNDECLARED_SELECTOR = YES;
				GCC_WARN_UNINITIALIZED_AUTOS = YES_AGGRESSIVE;
				GCC_WARN_UNUSED_FUNCTION = YES;
				GCC_WARN_UNUSED_VARIABLE = YES;
				IPHONEOS_DEPLOYMENT_TARGET = 13.2;
				MTL_ENABLE_DEBUG_INFO = INCLUDE_SOURCE;
				MTL_FAST_MATH = YES;
				ONLY_ACTIVE_ARCH = YES;
				SDKROOT = iphoneos;
			};
			name = Debug;
		};
		141BC11523BD9C1C00823BA4 /* Release */ = {
			isa = XCBuildConfiguration;
			buildSettings = {
				ALWAYS_SEARCH_USER_PATHS = NO;
				CLANG_ANALYZER_NONNULL = YES;
				CLANG_ANALYZER_NUMBER_OBJECT_CONVERSION = YES_AGGRESSIVE;
				CLANG_CXX_LANGUAGE_STANDARD = "gnu++14";
				CLANG_CXX_LIBRARY = "libc++";
				CLANG_ENABLE_MODULES = YES;
				CLANG_ENABLE_OBJC_ARC = YES;
				CLANG_ENABLE_OBJC_WEAK = YES;
				CLANG_WARN_BLOCK_CAPTURE_AUTORELEASING = YES;
				CLANG_WARN_BOOL_CONVERSION = YES;
				CLANG_WARN_COMMA = YES;
				CLANG_WARN_CONSTANT_CONVERSION = YES;
				CLANG_WARN_DEPRECATED_OBJC_IMPLEMENTATIONS = YES;
				CLANG_WARN_DIRECT_OBJC_ISA_USAGE = YES_ERROR;
				CLANG_WARN_DOCUMENTATION_COMMENTS = YES;
				CLANG_WARN_EMPTY_BODY = YES;
				CLANG_WARN_ENUM_CONVERSION = YES;
				CLANG_WARN_INFINITE_RECURSION = YES;
				CLANG_WARN_INT_CONVERSION = YES;
				CLANG_WARN_NON_LITERAL_NULL_CONVERSION = YES;
				CLANG_WARN_OBJC_IMPLICIT_RETAIN_SELF = YES;
				CLANG_WARN_OBJC_LITERAL_CONVERSION = YES;
				CLANG_WARN_OBJC_ROOT_CLASS = YES_ERROR;
				CLANG_WARN_RANGE_LOOP_ANALYSIS = YES;
				CLANG_WARN_STRICT_PROTOTYPES = YES;
				CLANG_WARN_SUSPICIOUS_MOVE = YES;
				CLANG_WARN_UNGUARDED_AVAILABILITY = YES_AGGRESSIVE;
				CLANG_WARN_UNREACHABLE_CODE = YES;
				CLANG_WARN__DUPLICATE_METHOD_MATCH = YES;
				COPY_PHASE_STRIP = NO;
				DEBUG_INFORMATION_FORMAT = "dwarf-with-dsym";
				ENABLE_NS_ASSERTIONS = NO;
				ENABLE_STRICT_OBJC_MSGSEND = YES;
				GCC_C_LANGUAGE_STANDARD = gnu11;
				GCC_NO_COMMON_BLOCKS = YES;
				GCC_WARN_64_TO_32_BIT_CONVERSION = YES;
				GCC_WARN_ABOUT_RETURN_TYPE = YES_ERROR;
				GCC_WARN_UNDECLARED_SELECTOR = YES;
				GCC_WARN_UNINITIALIZED_AUTOS = YES_AGGRESSIVE;
				GCC_WARN_UNUSED_FUNCTION = YES;
				GCC_WARN_UNUSED_VARIABLE = YES;
				IPHONEOS_DEPLOYMENT_TARGET = 13.2;
				MTL_ENABLE_DEBUG_INFO = NO;
				MTL_FAST_MATH = YES;
				SDKROOT = iphoneos;
				VALIDATE_PRODUCT = YES;
			};
			name = Release;
		};
		141BC11723BD9C1C00823BA4 /* Debug */ = {
			isa = XCBuildConfiguration;
			buildSettings = {
				ASSETCATALOG_COMPILER_APPICON_NAME = AppIcon;
				CODE_SIGN_STYLE = Automatic;
				DEVELOPMENT_TEAM = N5JDYFWB35;
				INFOPLIST_FILE = DemoProject/Info.plist;
				IPHONEOS_DEPLOYMENT_TARGET = 10.0;
				LD_RUNPATH_SEARCH_PATHS = (
					"$(inherited)",
					"@executable_path/Frameworks",
				);
				PRODUCT_BUNDLE_IDENTIFIER = champ.DemoProject;
				PRODUCT_NAME = "$(TARGET_NAME)";
				TARGETED_DEVICE_FAMILY = 1;
			};
			name = Debug;
		};
		141BC11823BD9C1C00823BA4 /* Release */ = {
			isa = XCBuildConfiguration;
			buildSettings = {
				ASSETCATALOG_COMPILER_APPICON_NAME = AppIcon;
				CODE_SIGN_STYLE = Automatic;
				DEVELOPMENT_TEAM = N5JDYFWB35;
				INFOPLIST_FILE = DemoProject/Info.plist;
				IPHONEOS_DEPLOYMENT_TARGET = 10.0;
				LD_RUNPATH_SEARCH_PATHS = (
					"$(inherited)",
					"@executable_path/Frameworks",
				);
				PRODUCT_BUNDLE_IDENTIFIER = champ.DemoProject;
				PRODUCT_NAME = "$(TARGET_NAME)";
				TARGETED_DEVICE_FAMILY = 1;
			};
			name = Release;
		};
/* End XCBuildConfiguration section */

/* Begin XCConfigurationList section */
		141BC0F823BD9C1B00823BA4 /* Build configuration list for PBXProject "DemoProject" */ = {
			isa = XCConfigurationList;
			buildConfigurations = (
				141BC11423BD9C1C00823BA4 /* Debug */,
				141BC11523BD9C1C00823BA4 /* Release */,
			);
			defaultConfigurationIsVisible = 0;
			defaultConfigurationName = Release;
		};
		141BC11623BD9C1C00823BA4 /* Build configuration list for PBXNativeTarget "DemoProject" */ = {
			isa = XCConfigurationList;
			buildConfigurations = (
				141BC11723BD9C1C00823BA4 /* Debug */,
				141BC11823BD9C1C00823BA4 /* Release */,
			);
			defaultConfigurationIsVisible = 0;
			defaultConfigurationName = Release;
		};
/* End XCConfigurationList section */
	};
	rootObject = 141BC0F523BD9C1B00823BA4 /* Project object */;
}
